
Microsoft Visual Studio Solution File, Format Version 12.00
# Visual Studio Version 17
VisualStudioVersion = 17.3.32804.467
MinimumVisualStudioVersion = 10.0.40219.1
Project("{FAE04EC0-301F-11D3-BF4B-00C04F79EFBC}") = "EllipsePoints", "EllipsePoints\EllipsePoints.csproj", "{C60682C6-0274-4EA3-8E2F-4BF77EB373F3}"
EndProject
Project("{9A19103F-16F7-4668-BE54-9A1E7A4F7556}") = "TwoDimensionLib", "TwoDimensionLib\TwoDimensionLib.csproj", "{8468291F-EBC5-430F-95BA-835C6F1C0DEB}"
EndProject
Project("{9A19103F-16F7-4668-BE54-9A1E7A4F7556}") = "SvgPlotter", "..\Orrery\SvgPlotter\SvgPlotter.csproj", "{012C5680-1C1B-4A4B-9D14-258A6DE1B629}"
EndProject
Project("{FAE04EC0-301F-11D3-BF4B-00C04F79EFBC}") = "EllipsePlotter", "EllipsePlotter\EllipsePlotter.csproj", "{1D3AC2F0-3A25-430E-B7B8-AFE5761BC5F5}"
EndProject
Project("{FAE04EC0-301F-11D3-BF4B-00C04F79EFBC}") = "StarPlotter", "StarPlotter\StarPlotter.csproj", "{586EC1DA-5AB7-49A1-8744-967DE6AADB11}"
EndProject
Global
	GlobalSection(SolutionConfigurationPlatforms) = preSolution
		Debug|Any CPU = Debug|Any CPU
		Release|Any CPU = Release|Any CPU
	EndGlobalSection
	GlobalSection(ProjectConfigurationPlatforms) = postSolution
		{C60682C6-0274-4EA3-8E2F-4BF77EB373F3}.Debug|Any CPU.ActiveCfg = Debug|Any CPU
		{C60682C6-0274-4EA3-8E2F-4BF77EB373F3}.Debug|Any CPU.Build.0 = Debug|Any CPU
		{C60682C6-0274-4EA3-8E2F-4BF77EB373F3}.Release|Any CPU.ActiveCfg = Release|Any CPU
		{C60682C6-0274-4EA3-8E2F-4BF77EB373F3}.Release|Any CPU.Build.0 = Release|Any CPU
		{8468291F-EBC5-430F-95BA-835C6F1C0DEB}.Debug|Any CPU.ActiveCfg = Debug|Any CPU
		{8468291F-EBC5-430F-95BA-835C6F1C0DEB}.Debug|Any CPU.Build.0 = Debug|Any CPU
		{8468291F-EBC5-430F-95BA-835C6F1C0DEB}.Release|Any CPU.ActiveCfg = Release|Any CPU
		{8468291F-EBC5-430F-95BA-835C6F1C0DEB}.Release|Any CPU.Build.0 = Release|Any CPU
		{012C5680-1C1B-4A4B-9D14-258A6DE1B629}.Debug|Any CPU.ActiveCfg = Debug|Any CPU
		{012C5680-1C1B-4A4B-9D14-258A6DE1B629}.Debug|Any CPU.Build.0 = Debug|Any CPU
		{012C5680-1C1B-4A4B-9D14-258A6DE1B629}.Release|Any CPU.ActiveCfg = Release|Any CPU
		{012C5680-1C1B-4A4B-9D14-258A6DE1B629}.Release|Any CPU.Build.0 = Release|Any CPU
		{1D3AC2F0-3A25-430E-B7B8-AFE5761BC5F5}.Debug|Any CPU.ActiveCfg = Debug|Any CPU
		{1D3AC2F0-3A25-430E-B7B8-AFE5761BC5F5}.Debug|Any CPU.Build.0 = Debug|Any CPU
		{1D3AC2F0-3A25-430E-B7B8-AFE5761BC5F5}.Release|Any CPU.ActiveCfg = Release|Any CPU
		{1D3AC2F0-3A25-430E-B7B8-AFE5761BC5F5}.Release|Any CPU.Build.0 = Release|Any CPU
		{586EC1DA-5AB7-49A1-8744-967DE6AADB11}.Debug|Any CPU.ActiveCfg = Debug|Any CPU
		{586EC1DA-5AB7-49A1-8744-967DE6AADB11}.Debug|Any CPU.Build.0 = Debug|Any CPU
		{586EC1DA-5AB7-49A1-8744-967DE6AADB11}.Release|Any CPU.ActiveCfg = Release|Any CPU
		{586EC1DA-5AB7-49A1-8744-967DE6AADB11}.Release|Any CPU.Build.0 = Release|Any CPU
	EndGlobalSection
	GlobalSection(SolutionProperties) = preSolution
		HideSolutionNode = FALSE
	EndGlobalSection
	GlobalSection(ExtensibilityGlobals) = postSolution
		SolutionGuid = {44AC2B11-9650-4BBB-AA36-3582D2CBEC34}
	EndGlobalSection
EndGlobal
